// !$*UTF8*$!
{
	archiveVersion = 1;
	classes = {
	};
	objectVersion = 55;
	objects = {

/* Begin PBXBuildFile section */
		90E89C27283C8D6000BD2505 /* HuddleLandingPageWithCurvedSectionsApp.swift in Sources */ = {isa = PBXBuildFile; fileRef = 90E89C17283C8D5F00BD2505 /* HuddleLandingPageWithCurvedSectionsApp.swift */; };
		90E89C28283C8D6000BD2505 /* HuddleLandingPageWithCurvedSectionsApp.swift in Sources */ = {isa = PBXBuildFile; fileRef = 90E89C17283C8D5F00BD2505 /* HuddleLandingPageWithCurvedSectionsApp.swift */; };
		90E89C29283C8D6000BD2505 /* ContentView.swift in Sources */ = {isa = PBXBuildFile; fileRef = 90E89C18283C8D5F00BD2505 /* ContentView.swift */; };
		90E89C2A283C8D6000BD2505 /* ContentView.swift in Sources */ = {isa = PBXBuildFile; fileRef = 90E89C18283C8D5F00BD2505 /* ContentView.swift */; };
		90E89C2B283C8D6000BD2505 /* Assets.xcassets in Resources */ = {isa = PBXBuildFile; fileRef = 90E89C19283C8D5F00BD2505 /* Assets.xcassets */; };
		90E89C2C283C8D6000BD2505 /* Assets.xcassets in Resources */ = {isa = PBXBuildFile; fileRef = 90E89C19283C8D5F00BD2505 /* Assets.xcassets */; };
		90E89C39283DA50500BD2505 /* TopNavigationView.swift in Sources */ = {isa = PBXBuildFile; fileRef = 90E89C38283DA50500BD2505 /* TopNavigationView.swift */; };
		90E89C3B283DA5F300BD2505 /* HeaderTitleView.swift in Sources */ = {isa = PBXBuildFile; fileRef = 90E89C3A283DA5F300BD2505 /* HeaderTitleView.swift */; };
		90E89C3D283DA6DF00BD2505 /* GetStartedButtonView.swift in Sources */ = {isa = PBXBuildFile; fileRef = 90E89C3C283DA6DF00BD2505 /* GetStartedButtonView.swift */; };
		90E89C3F283DA78000BD2505 /* HeaderIllustrationView.swift in Sources */ = {isa = PBXBuildFile; fileRef = 90E89C3E283DA78000BD2505 /* HeaderIllustrationView.swift */; };
		90E89C41283DA7F500BD2505 /* FiguresView.swift in Sources */ = {isa = PBXBuildFile; fileRef = 90E89C40283DA7F500BD2505 /* FiguresView.swift */; };
		90E89C43283DA80300BD2505 /* FigureView.swift in Sources */ = {isa = PBXBuildFile; fileRef = 90E89C42283DA80300BD2505 /* FigureView.swift */; };
		90E89C45283DA9EC00BD2505 /* FirstTransitionView.swift in Sources */ = {isa = PBXBuildFile; fileRef = 90E89C44283DA9EC00BD2505 /* FirstTransitionView.swift */; };
		90E89C47283DAA3600BD2505 /* GrowTogetherView.swift in Sources */ = {isa = PBXBuildFile; fileRef = 90E89C46283DAA3600BD2505 /* GrowTogetherView.swift */; };
		90E89C49283DAA5200BD2505 /* GrowTogetherIllustrationView.swift in Sources */ = {isa = PBXBuildFile; fileRef = 90E89C48283DAA5200BD2505 /* GrowTogetherIllustrationView.swift */; };
		90E89C4B283DAB1A00BD2505 /* GrowTogetherTitleView.swift in Sources */ = {isa = PBXBuildFile; fileRef = 90E89C4A283DAB1A00BD2505 /* GrowTogetherTitleView.swift */; };
/* End PBXBuildFile section */

/* Begin PBXFileReference section */
		90E89C17283C8D5F00BD2505 /* HuddleLandingPageWithCurvedSectionsApp.swift */ = {isa = PBXFileReference; lastKnownFileType = sourcecode.swift; path = HuddleLandingPageWithCurvedSectionsApp.swift; sourceTree = "<group>"; };
		90E89C18283C8D5F00BD2505 /* ContentView.swift */ = {isa = PBXFileReference; lastKnownFileType = sourcecode.swift; path = ContentView.swift; sourceTree = "<group>"; };
		90E89C19283C8D5F00BD2505 /* Assets.xcassets */ = {isa = PBXFileReference; lastKnownFileType = folder.assetcatalog; path = Assets.xcassets; sourceTree = "<group>"; };
		90E89C1E283C8D6000BD2505 /* Huddle Landing Page With Curved Sections.app */ = {isa = PBXFileReference; explicitFileType = wrapper.application; includeInIndex = 0; path = "Huddle Landing Page With Curved Sections.app"; sourceTree = BUILT_PRODUCTS_DIR; };
		90E89C24283C8D6000BD2505 /* Huddle Landing Page With Curved Sections.app */ = {isa = PBXFileReference; explicitFileType = wrapper.application; includeInIndex = 0; path = "Huddle Landing Page With Curved Sections.app"; sourceTree = BUILT_PRODUCTS_DIR; };
		90E89C26283C8D6000BD2505 /* macOS.entitlements */ = {isa = PBXFileReference; lastKnownFileType = text.plist.entitlements; path = macOS.entitlements; sourceTree = "<group>"; };
		90E89C38283DA50500BD2505 /* TopNavigationView.swift */ = {isa = PBXFileReference; lastKnownFileType = sourcecode.swift; path = TopNavigationView.swift; sourceTree = "<group>"; };
		90E89C3A283DA5F300BD2505 /* HeaderTitleView.swift */ = {isa = PBXFileReference; lastKnownFileType = sourcecode.swift; path = HeaderTitleView.swift; sourceTree = "<group>"; };
		90E89C3C283DA6DF00BD2505 /* GetStartedButtonView.swift */ = {isa = PBXFileReference; lastKnownFileType = sourcecode.swift; path = GetStartedButtonView.swift; sourceTree = "<group>"; };
		90E89C3E283DA78000BD2505 /* HeaderIllustrationView.swift */ = {isa = PBXFileReference; lastKnownFileType = sourcecode.swift; path = HeaderIllustrationView.swift; sourceTree = "<group>"; };
		90E89C40283DA7F500BD2505 /* FiguresView.swift */ = {isa = PBXFileReference; lastKnownFileType = sourcecode.swift; path = FiguresView.swift; sourceTree = "<group>"; };
		90E89C42283DA80300BD2505 /* FigureView.swift */ = {isa = PBXFileReference; lastKnownFileType = sourcecode.swift; path = FigureView.swift; sourceTree = "<group>"; };
		90E89C44283DA9EC00BD2505 /* FirstTransitionView.swift */ = {isa = PBXFileReference; lastKnownFileType = sourcecode.swift; path = FirstTransitionView.swift; sourceTree = "<group>"; };
		90E89C46283DAA3600BD2505 /* GrowTogetherView.swift */ = {isa = PBXFileReference; lastKnownFileType = sourcecode.swift; path = GrowTogetherView.swift; sourceTree = "<group>"; };
		90E89C48283DAA5200BD2505 /* GrowTogetherIllustrationView.swift */ = {isa = PBXFileReference; lastKnownFileType = sourcecode.swift; path = GrowTogetherIllustrationView.swift; sourceTree = "<group>"; };
		90E89C4A283DAB1A00BD2505 /* GrowTogetherTitleView.swift */ = {isa = PBXFileReference; lastKnownFileType = sourcecode.swift; path = GrowTogetherTitleView.swift; sourceTree = "<group>"; };
/* End PBXFileReference section */

/* Begin PBXFrameworksBuildPhase section */
		90E89C1B283C8D6000BD2505 /* Frameworks */ = {
			isa = PBXFrameworksBuildPhase;
			buildActionMask = 2147483647;
			files = (
			);
			runOnlyForDeploymentPostprocessing = 0;
		};
		90E89C21283C8D6000BD2505 /* Frameworks */ = {
			isa = PBXFrameworksBuildPhase;
			buildActionMask = 2147483647;
			files = (
			);
			runOnlyForDeploymentPostprocessing = 0;
		};
/* End PBXFrameworksBuildPhase section */

/* Begin PBXGroup section */
		90E89C11283C8D5F00BD2505 = {
			isa = PBXGroup;
			children = (
				90E89C16283C8D5F00BD2505 /* Shared */,
				90E89C25283C8D6000BD2505 /* macOS */,
				90E89C1F283C8D6000BD2505 /* Products */,
			);
			sourceTree = "<group>";
		};
		90E89C16283C8D5F00BD2505 /* Shared */ = {
			isa = PBXGroup;
			children = (
				90E89C37283C8D8B00BD2505 /* Models */,
				90E89C36283C8D8500BD2505 /* Views */,
				90E89C35283C8D7B00BD2505 /* App */,
			);
			path = Shared;
			sourceTree = "<group>";
		};
		90E89C1F283C8D6000BD2505 /* Products */ = {
			isa = PBXGroup;
			children = (
				90E89C1E283C8D6000BD2505 /* Huddle Landing Page With Curved Sections.app */,
				90E89C24283C8D6000BD2505 /* Huddle Landing Page With Curved Sections.app */,
			);
			name = Products;
			sourceTree = "<group>";
		};
		90E89C25283C8D6000BD2505 /* macOS */ = {
			isa = PBXGroup;
			children = (
				90E89C26283C8D6000BD2505 /* macOS.entitlements */,
			);
			path = macOS;
			sourceTree = "<group>";
		};
		90E89C35283C8D7B00BD2505 /* App */ = {
			isa = PBXGroup;
			children = (
				90E89C17283C8D5F00BD2505 /* HuddleLandingPageWithCurvedSectionsApp.swift */,
				90E89C19283C8D5F00BD2505 /* Assets.xcassets */,
			);
			path = App;
			sourceTree = "<group>";
		};
		90E89C36283C8D8500BD2505 /* Views */ = {
			isa = PBXGroup;
			children = (
				90E89C18283C8D5F00BD2505 /* ContentView.swift */,
				90E89C38283DA50500BD2505 /* TopNavigationView.swift */,
				90E89C3A283DA5F300BD2505 /* HeaderTitleView.swift */,
				90E89C3C283DA6DF00BD2505 /* GetStartedButtonView.swift */,
				90E89C3E283DA78000BD2505 /* HeaderIllustrationView.swift */,
				90E89C40283DA7F500BD2505 /* FiguresView.swift */,
				90E89C42283DA80300BD2505 /* FigureView.swift */,
				90E89C44283DA9EC00BD2505 /* FirstTransitionView.swift */,
				90E89C46283DAA3600BD2505 /* GrowTogetherView.swift */,
				90E89C48283DAA5200BD2505 /* GrowTogetherIllustrationView.swift */,
				90E89C4A283DAB1A00BD2505 /* GrowTogetherTitleView.swift */,
			);
			path = Views;
			sourceTree = "<group>";
		};
		90E89C37283C8D8B00BD2505 /* Models */ = {
			isa = PBXGroup;
			children = (
			);
			path = Models;
			sourceTree = "<group>";
		};
/* End PBXGroup section */

/* Begin PBXNativeTarget section */
		90E89C1D283C8D6000BD2505 /* Huddle Landing Page With Curved Sections (iOS) */ = {
			isa = PBXNativeTarget;
			buildConfigurationList = 90E89C2F283C8D6000BD2505 /* Build configuration list for PBXNativeTarget "Huddle Landing Page With Curved Sections (iOS)" */;
			buildPhases = (
				90E89C1A283C8D6000BD2505 /* Sources */,
				90E89C1B283C8D6000BD2505 /* Frameworks */,
				90E89C1C283C8D6000BD2505 /* Resources */,
			);
			buildRules = (
			);
			dependencies = (
			);
			name = "Huddle Landing Page With Curved Sections (iOS)";
			productName = "HuddleLandingPageWithCurvedSections (iOS)";
			productReference = 90E89C1E283C8D6000BD2505 /* Huddle Landing Page With Curved Sections.app */;
			productType = "com.apple.product-type.application";
		};
		90E89C23283C8D6000BD2505 /* Huddle Landing Page With Curved Sections (macOS) */ = {
			isa = PBXNativeTarget;
			buildConfigurationList = 90E89C32283C8D6000BD2505 /* Build configuration list for PBXNativeTarget "Huddle Landing Page With Curved Sections (macOS)" */;
			buildPhases = (
				90E89C20283C8D6000BD2505 /* Sources */,
				90E89C21283C8D6000BD2505 /* Frameworks */,
				90E89C22283C8D6000BD2505 /* Resources */,
			);
			buildRules = (
			);
			dependencies = (
			);
			name = "Huddle Landing Page With Curved Sections (macOS)";
			productName = "HuddleLandingPageWithCurvedSections (macOS)";
			productReference = 90E89C24283C8D6000BD2505 /* Huddle Landing Page With Curved Sections.app */;
			productType = "com.apple.product-type.application";
		};
/* End PBXNativeTarget section */

/* Begin PBXProject section */
		90E89C12283C8D5F00BD2505 /* Project object */ = {
			isa = PBXProject;
			attributes = {
				BuildIndependentTargetsInParallel = 1;
				LastSwiftUpdateCheck = 1330;
				LastUpgradeCheck = 1330;
				TargetAttributes = {
					90E89C1D283C8D6000BD2505 = {
						CreatedOnToolsVersion = 13.3.1;
					};
					90E89C23283C8D6000BD2505 = {
						CreatedOnToolsVersion = 13.3.1;
					};
				};
			};
			buildConfigurationList = 90E89C15283C8D5F00BD2505 /* Build configuration list for PBXProject "Huddle Landing Page With Curved Sections" */;
			compatibilityVersion = "Xcode 13.0";
			developmentRegion = en;
			hasScannedForEncodings = 0;
			knownRegions = (
				en,
				Base,
			);
			mainGroup = 90E89C11283C8D5F00BD2505;
			productRefGroup = 90E89C1F283C8D6000BD2505 /* Products */;
			projectDirPath = "";
			projectRoot = "";
			targets = (
				90E89C1D283C8D6000BD2505 /* Huddle Landing Page With Curved Sections (iOS) */,
				90E89C23283C8D6000BD2505 /* Huddle Landing Page With Curved Sections (macOS) */,
			);
		};
/* End PBXProject section */

/* Begin PBXResourcesBuildPhase section */
		90E89C1C283C8D6000BD2505 /* Resources */ = {
			isa = PBXResourcesBuildPhase;
			buildActionMask = 2147483647;
			files = (
				90E89C2B283C8D6000BD2505 /* Assets.xcassets in Resources */,
			);
			runOnlyForDeploymentPostprocessing = 0;
		};
		90E89C22283C8D6000BD2505 /* Resources */ = {
			isa = PBXResourcesBuildPhase;
			buildActionMask = 2147483647;
			files = (
				90E89C2C283C8D6000BD2505 /* Assets.xcassets in Resources */,
			);
			runOnlyForDeploymentPostprocessing = 0;
		};
/* End PBXResourcesBuildPhase section */

/* Begin PBXSourcesBuildPhase section */
		90E89C1A283C8D6000BD2505 /* Sources */ = {
			isa = PBXSourcesBuildPhase;
			buildActionMask = 2147483647;
			files = (
				90E89C43283DA80300BD2505 /* FigureView.swift in Sources */,
				90E89C29283C8D6000BD2505 /* ContentView.swift in Sources */,
				90E89C3F283DA78000BD2505 /* HeaderIllustrationView.swift in Sources */,
				90E89C27283C8D6000BD2505 /* HuddleLandingPageWithCurvedSectionsApp.swift in Sources */,
				90E89C4B283DAB1A00BD2505 /* GrowTogetherTitleView.swift in Sources */,
				90E89C3D283DA6DF00BD2505 /* GetStartedButtonView.swift in Sources */,
				90E89C47283DAA3600BD2505 /* GrowTogetherView.swift in Sources */,
				90E89C49283DAA5200BD2505 /* GrowTogetherIllustrationView.swift in Sources */,
				90E89C3B283DA5F300BD2505 /* HeaderTitleView.swift in Sources */,
				90E89C45283DA9EC00BD2505 /* FirstTransitionView.swift in Sources */,
				90E89C41283DA7F500BD2505 /* FiguresView.swift in Sources */,
				90E89C39283DA50500BD2505 /* TopNavigationView.swift in Sources */,
			);
			runOnlyForDeploymentPostprocessing = 0;
		};
		90E89C20283C8D6000BD2505 /* Sources */ = {
			isa = PBXSourcesBuildPhase;
			buildActionMask = 2147483647;
			files = (
				90E89C2A283C8D6000BD2505 /* ContentView.swift in Sources */,
				90E89C28283C8D6000BD2505 /* HuddleLandingPageWithCurvedSectionsApp.swift in Sources */,
			);
			runOnlyForDeploymentPostprocessing = 0;
		};
/* End PBXSourcesBuildPhase section */

/* Begin XCBuildConfiguration section */
		90E89C2D283C8D6000BD2505 /* Debug */ = {
			isa = XCBuildConfiguration;
			buildSettings = {
				ALWAYS_SEARCH_USER_PATHS = NO;
				CLANG_ANALYZER_NONNULL = YES;
				CLANG_ANALYZER_NUMBER_OBJECT_CONVERSION = YES_AGGRESSIVE;
				CLANG_CXX_LANGUAGE_STANDARD = "gnu++17";
				CLANG_ENABLE_MODULES = YES;
				CLANG_ENABLE_OBJC_ARC = YES;
				CLANG_ENABLE_OBJC_WEAK = YES;
				CLANG_WARN_BLOCK_CAPTURE_AUTORELEASING = YES;
				CLANG_WARN_BOOL_CONVERSION = YES;
				CLANG_WARN_COMMA = YES;
				CLANG_WARN_CONSTANT_CONVERSION = YES;
				CLANG_WARN_DEPRECATED_OBJC_IMPLEMENTATIONS = YES;
				CLANG_WARN_DIRECT_OBJC_ISA_USAGE = YES_ERROR;
				CLANG_WARN_DOCUMENTATION_COMMENTS = YES;
				CLANG_WARN_EMPTY_BODY = YES;
				CLANG_WARN_ENUM_CONVERSION = YES;
				CLANG_WARN_INFINITE_RECURSION = YES;
				CLANG_WARN_INT_CONVERSION = YES;
				CLANG_WARN_NON_LITERAL_NULL_CONVERSION = YES;
				CLANG_WARN_OBJC_IMPLICIT_RETAIN_SELF = YES;
				CLANG_WARN_OBJC_LITERAL_CONVERSION = YES;
				CLANG_WARN_OBJC_ROOT_CLASS = YES_ERROR;
				CLANG_WARN_QUOTED_INCLUDE_IN_FRAMEWORK_HEADER = YES;
				CLANG_WARN_RANGE_LOOP_ANALYSIS = YES;
				CLANG_WARN_STRICT_PROTOTYPES = YES;
				CLANG_WARN_SUSPICIOUS_MOVE = YES;
				CLANG_WARN_UNGUARDED_AVAILABILITY = YES_AGGRESSIVE;
				CLANG_WARN_UNREACHABLE_CODE = YES;
				CLANG_WARN__DUPLICATE_METHOD_MATCH = YES;
				COPY_PHASE_STRIP = NO;
				DEBUG_INFORMATION_FORMAT = dwarf;
				ENABLE_STRICT_OBJC_MSGSEND = YES;
				ENABLE_TESTABILITY = YES;
				GCC_C_LANGUAGE_STANDARD = gnu11;
				GCC_DYNAMIC_NO_PIC = NO;
				GCC_NO_COMMON_BLOCKS = YES;
				GCC_OPTIMIZATION_LEVEL = 0;
				GCC_PREPROCESSOR_DEFINITIONS = (
					"DEBUG=1",
					"$(inherited)",
				);
				GCC_WARN_64_TO_32_BIT_CONVERSION = YES;
				GCC_WARN_ABOUT_RETURN_TYPE = YES_ERROR;
				GCC_WARN_UNDECLARED_SELECTOR = YES;
				GCC_WARN_UNINITIALIZED_AUTOS = YES_AGGRESSIVE;
				GCC_WARN_UNUSED_FUNCTION = YES;
				GCC_WARN_UNUSED_VARIABLE = YES;
				IPHONEOS_DEPLOYMENT_TARGET = 15.4;
				MACOSX_DEPLOYMENT_TARGET = 12.3;
				MTL_ENABLE_DEBUG_INFO = INCLUDE_SOURCE;
				MTL_FAST_MATH = YES;
				ONLY_ACTIVE_ARCH = YES;
				SWIFT_ACTIVE_COMPILATION_CONDITIONS = DEBUG;
				SWIFT_OPTIMIZATION_LEVEL = "-Onone";
			};
			name = Debug;
		};
		90E89C2E283C8D6000BD2505 /* Release */ = {
			isa = XCBuildConfiguration;
			buildSettings = {
				ALWAYS_SEARCH_USER_PATHS = NO;
				CLANG_ANALYZER_NONNULL = YES;
				CLANG_ANALYZER_NUMBER_OBJECT_CONVERSION = YES_AGGRESSIVE;
				CLANG_CXX_LANGUAGE_STANDARD = "gnu++17";
				CLANG_ENABLE_MODULES = YES;
				CLANG_ENABLE_OBJC_ARC = YES;
				CLANG_ENABLE_OBJC_WEAK = YES;
				CLANG_WARN_BLOCK_CAPTURE_AUTORELEASING = YES;
				CLANG_WARN_BOOL_CONVERSION = YES;
				CLANG_WARN_COMMA = YES;
				CLANG_WARN_CONSTANT_CONVERSION = YES;
				CLANG_WARN_DEPRECATED_OBJC_IMPLEMENTATIONS = YES;
				CLANG_WARN_DIRECT_OBJC_ISA_USAGE = YES_ERROR;
				CLANG_WARN_DOCUMENTATION_COMMENTS = YES;
				CLANG_WARN_EMPTY_BODY = YES;
				CLANG_WARN_ENUM_CONVERSION = YES;
				CLANG_WARN_INFINITE_RECURSION = YES;
				CLANG_WARN_INT_CONVERSION = YES;
				CLANG_WARN_NON_LITERAL_NULL_CONVERSION = YES;
				CLANG_WARN_OBJC_IMPLICIT_RETAIN_SELF = YES;
				CLANG_WARN_OBJC_LITERAL_CONVERSION = YES;
				CLANG_WARN_OBJC_ROOT_CLASS = YES_ERROR;
				CLANG_WARN_QUOTED_INCLUDE_IN_FRAMEWORK_HEADER = YES;
				CLANG_WARN_RANGE_LOOP_ANALYSIS = YES;
				CLANG_WARN_STRICT_PROTOTYPES = YES;
				CLANG_WARN_SUSPICIOUS_MOVE = YES;
				CLANG_WARN_UNGUARDED_AVAILABILITY = YES_AGGRESSIVE;
				CLANG_WARN_UNREACHABLE_CODE = YES;
				CLANG_WARN__DUPLICATE_METHOD_MATCH = YES;
				COPY_PHASE_STRIP = NO;
				DEBUG_INFORMATION_FORMAT = "dwarf-with-dsym";
				ENABLE_NS_ASSERTIONS = NO;
				ENABLE_STRICT_OBJC_MSGSEND = YES;
				GCC_C_LANGUAGE_STANDARD = gnu11;
				GCC_NO_COMMON_BLOCKS = YES;
				GCC_WARN_64_TO_32_BIT_CONVERSION = YES;
				GCC_WARN_ABOUT_RETURN_TYPE = YES_ERROR;
				GCC_WARN_UNDECLARED_SELECTOR = YES;
				GCC_WARN_UNINITIALIZED_AUTOS = YES_AGGRESSIVE;
				GCC_WARN_UNUSED_FUNCTION = YES;
				GCC_WARN_UNUSED_VARIABLE = YES;
				IPHONEOS_DEPLOYMENT_TARGET = 15.4;
				MACOSX_DEPLOYMENT_TARGET = 12.3;
				MTL_ENABLE_DEBUG_INFO = NO;
				MTL_FAST_MATH = YES;
				SWIFT_COMPILATION_MODE = wholemodule;
				SWIFT_OPTIMIZATION_LEVEL = "-O";
			};
			name = Release;
		};
		90E89C30283C8D6000BD2505 /* Debug */ = {
			isa = XCBuildConfiguration;
			buildSettings = {
				ASSETCATALOG_COMPILER_APPICON_NAME = AppIcon;
				ASSETCATALOG_COMPILER_GLOBAL_ACCENT_COLOR_NAME = AccentColor;
				CODE_SIGN_STYLE = Automatic;
				CURRENT_PROJECT_VERSION = 1;
				DEVELOPMENT_TEAM = 862P2X6G9G;
				ENABLE_PREVIEWS = YES;
				GENERATE_INFOPLIST_FILE = YES;
				INFOPLIST_KEY_UIApplicationSceneManifest_Generation = YES;
				INFOPLIST_KEY_UIApplicationSupportsIndirectInputEvents = YES;
				INFOPLIST_KEY_UILaunchScreen_Generation = YES;
				INFOPLIST_KEY_UISupportedInterfaceOrientations_iPad = "UIInterfaceOrientationPortrait UIInterfaceOrientationPortraitUpsideDown UIInterfaceOrientationLandscapeLeft UIInterfaceOrientationLandscapeRight";
				INFOPLIST_KEY_UISupportedInterfaceOrientations_iPhone = "UIInterfaceOrientationPortrait UIInterfaceOrientationLandscapeLeft UIInterfaceOrientationLandscapeRight";
				IPHONEOS_DEPLOYMENT_TARGET = 15.4;
				LD_RUNPATH_SEARCH_PATHS = (
					"$(inherited)",
					"@executable_path/Frameworks",
				);
				MARKETING_VERSION = 1.0;
				PRODUCT_BUNDLE_IDENTIFIER = me.jinwook.kim.HuddleLandingPageWithCurvedSections;
				PRODUCT_NAME = "Huddle Landing Page With Curved Sections";
				SDKROOT = iphoneos;
				SWIFT_EMIT_LOC_STRINGS = YES;
				SWIFT_VERSION = 5.0;
				TARGETED_DEVICE_FAMILY = "1,2";
			};
			name = Debug;
		};
		90E89C31283C8D6000BD2505 /* Release */ = {
			isa = XCBuildConfiguration;
			buildSettings = {
				ASSETCATALOG_COMPILER_APPICON_NAME = AppIcon;
				ASSETCATALOG_COMPILER_GLOBAL_ACCENT_COLOR_NAME = AccentColor;
				CODE_SIGN_STYLE = Automatic;
				CURRENT_PROJECT_VERSION = 1;
				DEVELOPMENT_TEAM = 862P2X6G9G;
				ENABLE_PREVIEWS = YES;
				GENERATE_INFOPLIST_FILE = YES;
				INFOPLIST_KEY_UIApplicationSceneManifest_Generation = YES;
				INFOPLIST_KEY_UIApplicationSupportsIndirectInputEvents = YES;
				INFOPLIST_KEY_UILaunchScreen_Generation = YES;
				INFOPLIST_KEY_UISupportedInterfaceOrientations_iPad = "UIInterfaceOrientationPortrait UIInterfaceOrientationPortraitUpsideDown UIInterfaceOrientationLandscapeLeft UIInterfaceOrientationLandscapeRight";
				INFOPLIST_KEY_UISupportedInterfaceOrientations_iPhone = "UIInterfaceOrientationPortrait UIInterfaceOrientationLandscapeLeft UIInterfaceOrientationLandscapeRight";
				IPHONEOS_DEPLOYMENT_TARGET = 15.4;
				LD_RUNPATH_SEARCH_PATHS = (
					"$(inherited)",
					"@executable_path/Frameworks",
				);
				MARKETING_VERSION = 1.0;
				PRODUCT_BUNDLE_IDENTIFIER = me.jinwook.kim.HuddleLandingPageWithCurvedSections;
				PRODUCT_NAME = "Huddle Landing Page With Curved Sections";
				SDKROOT = iphoneos;
				SWIFT_EMIT_LOC_STRINGS = YES;
				SWIFT_VERSION = 5.0;
				TARGETED_DEVICE_FAMILY = "1,2";
				VALIDATE_PRODUCT = YES;
			};
			name = Release;
		};
		90E89C33283C8D6000BD2505 /* Debug */ = {
			isa = XCBuildConfiguration;
			buildSettings = {
				ASSETCATALOG_COMPILER_APPICON_NAME = AppIcon;
				ASSETCATALOG_COMPILER_GLOBAL_ACCENT_COLOR_NAME = AccentColor;
				CODE_SIGN_ENTITLEMENTS = macOS/macOS.entitlements;
				CODE_SIGN_STYLE = Automatic;
				COMBINE_HIDPI_IMAGES = YES;
				CURRENT_PROJECT_VERSION = 1;
				DEVELOPMENT_TEAM = 862P2X6G9G;
				ENABLE_HARDENED_RUNTIME = YES;
				ENABLE_PREVIEWS = YES;
				GENERATE_INFOPLIST_FILE = YES;
				INFOPLIST_KEY_NSHumanReadableCopyright = "";
				LD_RUNPATH_SEARCH_PATHS = (
					"$(inherited)",
					"@executable_path/../Frameworks",
				);
				MACOSX_DEPLOYMENT_TARGET = 12.3;
				MARKETING_VERSION = 1.0;
				PRODUCT_BUNDLE_IDENTIFIER = me.jinwook.kim.HuddleLandingPageWithCurvedSections;
				PRODUCT_NAME = "Huddle Landing Page With Curved Sections";
				SDKROOT = macosx;
				SWIFT_EMIT_LOC_STRINGS = YES;
				SWIFT_VERSION = 5.0;
			};
			name = Debug;
		};
		90E89C34283C8D6000BD2505 /* Release */ = {
			isa = XCBuildConfiguration;
			buildSettings = {
				ASSETCATALOG_COMPILER_APPICON_NAME = AppIcon;
				ASSETCATALOG_COMPILER_GLOBAL_ACCENT_COLOR_NAME = AccentColor;
				CODE_SIGN_ENTITLEMENTS = macOS/macOS.entitlements;
				CODE_SIGN_STYLE = Automatic;
				COMBINE_HIDPI_IMAGES = YES;
				CURRENT_PROJECT_VERSION = 1;
				DEVELOPMENT_TEAM = 862P2X6G9G;
				ENABLE_HARDENED_RUNTIME = YES;
				ENABLE_PREVIEWS = YES;
				GENERATE_INFOPLIST_FILE = YES;
				INFOPLIST_KEY_NSHumanReadableCopyright = "";
				LD_RUNPATH_SEARCH_PATHS = (
					"$(inherited)",
					"@executable_path/../Frameworks",
				);
				MACOSX_DEPLOYMENT_TARGET = 12.3;
				MARKETING_VERSION = 1.0;
				PRODUCT_BUNDLE_IDENTIFIER = me.jinwook.kim.HuddleLandingPageWithCurvedSections;
				PRODUCT_NAME = "Huddle Landing Page With Curved Sections";
				SDKROOT = macosx;
				SWIFT_EMIT_LOC_STRINGS = YES;
				SWIFT_VERSION = 5.0;
			};
			name = Release;
		};
/* End XCBuildConfiguration section */

/* Begin XCConfigurationList section */
		90E89C15283C8D5F00BD2505 /* Build configuration list for PBXProject "Huddle Landing Page With Curved Sections" */ = {
			isa = XCConfigurationList;
			buildConfigurations = (
				90E89C2D283C8D6000BD2505 /* Debug */,
				90E89C2E283C8D6000BD2505 /* Release */,
			);
			defaultConfigurationIsVisible = 0;
			defaultConfigurationName = Release;
		};
		90E89C2F283C8D6000BD2505 /* Build configuration list for PBXNativeTarget "Huddle Landing Page With Curved Sections (iOS)" */ = {
			isa = XCConfigurationList;
			buildConfigurations = (
				90E89C30283C8D6000BD2505 /* Debug */,
				90E89C31283C8D6000BD2505 /* Release */,
			);
			defaultConfigurationIsVisible = 0;
			defaultConfigurationName = Release;
		};
		90E89C32283C8D6000BD2505 /* Build configuration list for PBXNativeTarget "Huddle Landing Page With Curved Sections (macOS)" */ = {
			isa = XCConfigurationList;
			buildConfigurations = (
				90E89C33283C8D6000BD2505 /* Debug */,
				90E89C34283C8D6000BD2505 /* Release */,
			);
			defaultConfigurationIsVisible = 0;
			defaultConfigurationName = Release;
		};
/* End XCConfigurationList section */
	};
	rootObject = 90E89C12283C8D5F00BD2505 /* Project object */;
}
